
Microsoft Visual Studio Solution File, Format Version 12.00
# Visual Studio 2013
VisualStudioVersion = 12.0.30110.0
MinimumVisualStudioVersion = 10.0.40219.1
Project("{FAE04EC0-301F-11D3-BF4B-00C04F79EFBC}") = "MattCalla.Stocky.Web", "MattCalla.Stocky.Web\MattCalla.Stocky.Web.csproj", "{2CF93D2B-1BCB-4591-BA60-A2C20BFB5571}"
EndProject
Project("{FAE04EC0-301F-11D3-BF4B-00C04F79EFBC}") = "MattCalla.Stocky.Core", "MattCalla.Stocky.Core\MattCalla.Stocky.Core.csproj", "{75052F30-A49C-4749-92CC-AC18EF9BFAEE}"
EndProject
Global
	GlobalSection(SolutionConfigurationPlatforms) = preSolution
		Debug|Any CPU = Debug|Any CPU
		Release|Any CPU = Release|Any CPU
	EndGlobalSection
	GlobalSection(ProjectConfigurationPlatforms) = postSolution
		{2CF93D2B-1BCB-4591-BA60-A2C20BFB5571}.Debug|Any CPU.ActiveCfg = Debug|Any CPU
		{2CF93D2B-1BCB-4591-BA60-A2C20BFB5571}.Debug|Any CPU.Build.0 = Debug|Any CPU
		{2CF93D2B-1BCB-4591-BA60-A2C20BFB5571}.Release|Any CPU.ActiveCfg = Release|Any CPU
		{2CF93D2B-1BCB-4591-BA60-A2C20BFB5571}.Release|Any CPU.Build.0 = Release|Any CPU
		{75052F30-A49C-4749-92CC-AC18EF9BFAEE}.Debug|Any CPU.ActiveCfg = Debug|Any CPU
		{75052F30-A49C-4749-92CC-AC18EF9BFAEE}.Debug|Any CPU.Build.0 = Debug|Any CPU
		{75052F30-A49C-4749-92CC-AC18EF9BFAEE}.Release|Any CPU.ActiveCfg = Release|Any CPU
		{75052F30-A49C-4749-92CC-AC18EF9BFAEE}.Release|Any CPU.Build.0 = Release|Any CPU
	EndGlobalSection
	GlobalSection(SolutionProperties) = preSolution
		HideSolutionNode = FALSE
	EndGlobalSection
EndGlobal
